
Microsoft Visual Studio Solution File, Format Version 12.00
# Visual Studio Version 17
VisualStudioVersion = 17.14.36623.8 d17.14
MinimumVisualStudioVersion = 10.0.40219.1
Project("{2150E333-8FDC-42A3-9474-1A3956D46DE8}") = "Task0", "Task0", "{02EA681E-C7D8-13C7-8484-4AC65E1B71E8}"
EndProject
Project("{FAE04EC0-301F-11D3-BF4B-00C04F79EFBC}") = "Tyuiu.Programmiste.Sprint2.Task0.V15.Test", "Tyuiu.Programmiste.Sprint2.Task0.V15.Test\Tyuiu.Programmiste.Sprint2.Task0.V15.Test.csproj", "{8DC07E36-0B48-417C-8FD1-E6F95DEBAC89}"
EndProject
Project("{FAE04EC0-301F-11D3-BF4B-00C04F79EFBC}") = "Tyuiu.Programmiste.Sprint2.Task0.V15.Lib", "Tyuiu.Programmiste.Sprint2.Task0.V15.Lib\Tyuiu.Programmiste.Sprint2.Task0.V15.Lib.csproj", "{AF581718-E2A8-4958-B747-D7822B3A988F}"
EndProject
Project("{FAE04EC0-301F-11D3-BF4B-00C04F79EFBC}") = "Tyuiu.Programmiste.Sprint2.Task0.V15", "Tyuiu.Programmiste.Sprint2.Task0.V15\Tyuiu.Programmiste.Sprint2.Task0.V15.csproj", "{AC21E594-7DC0-46E3-9A3B-DE6E696C21D2}"
EndProject
Project("{2150E333-8FDC-42A3-9474-1A3956D46DE8}") = "Task1", "Task1", "{CED2405A-FB7B-4FDD-97E0-E4C4EDD1FEDA}"
EndProject
Project("{FAE04EC0-301F-11D3-BF4B-00C04F79EFBC}") = "Tyuiu.Programmiste.Sprint2.Task1.V10", "Tyuiu.Programmiste.Sprint2.Task1.V10\Tyuiu.Programmiste.Sprint2.Task1.V10.csproj", "{A0A7DF11-4E8C-4FE7-B0DF-A534A6FE6CF1}"
EndProject
Project("{FAE04EC0-301F-11D3-BF4B-00C04F79EFBC}") = "Tyuiu.Programmiste.Sprint2.Task1.V10.Lib", "Tyuiu.Programmiste.Sprint2.Task1.V10.Lib\Tyuiu.Programmiste.Sprint2.Task1.V10.Lib.csproj", "{13176BEA-2FFD-4224-82F1-F95C028C5D20}"
EndProject
Project("{FAE04EC0-301F-11D3-BF4B-00C04F79EFBC}") = "Tyuiu.Programmiste.Sprint2.Task1.V10.Test", "Tyuiu.Programmiste.Sprint2.Task1.V10.Test\Tyuiu.Programmiste.Sprint2.Task1.V10.Test.csproj", "{EF668445-5068-4F42-B42B-EE2C3D3F179E}"
EndProject
Project("{2150E333-8FDC-42A3-9474-1A3956D46DE8}") = "Task2", "Task2", "{DE6C8E08-F10D-419B-A5BE-DAC5B52B0EEE}"
EndProject
Project("{FAE04EC0-301F-11D3-BF4B-00C04F79EFBC}") = "Tyuiu.Programmiste.Sprint2.Task2.V9.Test", "Tyuiu.Programmiste.Sprint2.Task2.V9.Test\Tyuiu.Programmiste.Sprint2.Task2.V9.Test.csproj", "{D7561020-0B0E-49A3-A68B-2097B8679B18}"
EndProject
Project("{FAE04EC0-301F-11D3-BF4B-00C04F79EFBC}") = "Tyuiu.Programmiste.Sprint2.Task2.V9.Lib", "Tyuiu.Programmiste.Sprint2.Task2.V9.Lib\Tyuiu.Programmiste.Sprint2.Task2.V9.Lib.csproj", "{3CC29780-5074-4201-8164-02B434E235FD}"
EndProject
Project("{FAE04EC0-301F-11D3-BF4B-00C04F79EFBC}") = "Tyuiu.Programmiste.Sprint2.Task2.V9", "Tyuiu.Programmiste.Sprint2.Task2.V9\Tyuiu.Programmiste.Sprint2.Task2.V9.csproj", "{9F6D401F-AE13-4AD4-9481-9D7431723ADA}"
EndProject
Project("{2150E333-8FDC-42A3-9474-1A3956D46DE8}") = "Task3", "Task3", "{30BEBD78-8076-4810-9AF8-DEC143636889}"
EndProject
Project("{FAE04EC0-301F-11D3-BF4B-00C04F79EFBC}") = "Tyuiu.Programmiste.Sprint2.Task3.V26", "Tyuiu.Programmiste.Sprint2.Task3.V26\Tyuiu.Programmiste.Sprint2.Task3.V26.csproj", "{6A5EDC8C-003F-4BF6-893D-09691D614DB0}"
EndProject
Project("{FAE04EC0-301F-11D3-BF4B-00C04F79EFBC}") = "Tyuiu.Programmiste.Sprint2.Task3.V26.Lib", "Tyuiu.Programmiste.Sprint2.Task3.V26.Lib\Tyuiu.Programmiste.Sprint2.Task3.V26.Lib.csproj", "{5674AB35-3272-4EDA-8466-BC2228E93666}"
EndProject
Project("{FAE04EC0-301F-11D3-BF4B-00C04F79EFBC}") = "Tyuiu.Programmiste.Sprint2.Task3.V26.Test", "Tyuiu.Programmiste.Sprint2.Task3.V26.Test\Tyuiu.Programmiste.Sprint2.Task3.V26.Test.csproj", "{AF752B03-02D7-44AD-AC96-0B754449DDA4}"
EndProject
Project("{2150E333-8FDC-42A3-9474-1A3956D46DE8}") = "Task4", "Task4", "{5EE11F0A-52C1-4329-BBB7-3668632A922D}"
EndProject
Project("{FAE04EC0-301F-11D3-BF4B-00C04F79EFBC}") = "Tyuiu.Programmiste.Sprint2.Task4.V27.Test", "Tyuiu.Programmiste.Sprint2.Task4.V27.Test\Tyuiu.Programmiste.Sprint2.Task4.V27.Test.csproj", "{ACADEE2E-6258-49FE-8A25-11B9A397380F}"
EndProject
Project("{FAE04EC0-301F-11D3-BF4B-00C04F79EFBC}") = "Tyuiu.Programmiste.Sprint2.Task4.V27.Lib", "Tyuiu.Programmiste.Sprint2.Task4.V27.Lib\Tyuiu.Programmiste.Sprint2.Task4.V27.Lib.csproj", "{276C1086-6C4F-4D9C-BACB-A6A73B75C032}"
EndProject
Project("{FAE04EC0-301F-11D3-BF4B-00C04F79EFBC}") = "Tyuiu.Programmiste.Sprint2.Task4.V27", "Tyuiu.Programmiste.Sprint2.Task4.V27\Tyuiu.Programmiste.Sprint2.Task4.V27.csproj", "{38439117-3767-4E9E-9B54-284B95EAD3AD}"
EndProject
Project("{2150E333-8FDC-42A3-9474-1A3956D46DE8}") = "Task5", "Task5", "{AF4DFFD7-769B-42C8-8FDD-87030AF82BD4}"
EndProject
Project("{FAE04EC0-301F-11D3-BF4B-00C04F79EFBC}") = "Tyuiu.Programmiste.Sprint2.Task5.V4", "Tyuiu.Programmiste.Sprint2.Task5.V4\Tyuiu.Programmiste.Sprint2.Task5.V4.csproj", "{D41BC7A9-732C-445D-BD3D-97B81599E25E}"
EndProject
Project("{FAE04EC0-301F-11D3-BF4B-00C04F79EFBC}") = "Tyuiu.Programmiste.Sprint2.Task5.V4.Lib", "Tyuiu.Programmiste.Sprint2.Task5.V4.Lib\Tyuiu.Programmiste.Sprint2.Task5.V4.Lib.csproj", "{BC4CDCB2-D767-446B-AA27-31AF085B83D7}"
EndProject
Project("{FAE04EC0-301F-11D3-BF4B-00C04F79EFBC}") = "Tyuiu.Programmiste.Sprint2.Task5.V4.Test", "Tyuiu.Programmiste.Sprint2.Task5.V4.Test\Tyuiu.Programmiste.Sprint2.Task5.V4.Test.csproj", "{CFCCC66B-A4E3-4F52-9A1E-6EDF91B5743C}"
EndProject
Project("{2150E333-8FDC-42A3-9474-1A3956D46DE8}") = "Task6", "Task6", "{88294E82-C195-4E4F-B7AE-3361D51AC347}"
EndProject
Project("{FAE04EC0-301F-11D3-BF4B-00C04F79EFBC}") = "Tyuiu.Programmiste.Sprint2.Task6.V1.Test", "Tyuiu.Programmiste.Sprint2.Task6.V1.Test\Tyuiu.Programmiste.Sprint2.Task6.V1.Test.csproj", "{64737DB3-9536-4EDC-887B-6830B6454E9C}"
EndProject
Project("{FAE04EC0-301F-11D3-BF4B-00C04F79EFBC}") = "Tyuiu.Programmiste.Sprint2.Task6.V1.Lib", "Tyuiu.Programmiste.Sprint2.Task6.V1.Lib\Tyuiu.Programmiste.Sprint2.Task6.V1.Lib.csproj", "{F47E2674-6B38-4248-8A86-D52C6BC3CA8B}"
EndProject
Project("{FAE04EC0-301F-11D3-BF4B-00C04F79EFBC}") = "Tyuiu.Programmiste.Sprint2.Task6.V1", "Tyuiu.Programmiste.Sprint2.Task6.V1\Tyuiu.Programmiste.Sprint2.Task6.V1.csproj", "{DC14134C-B92A-4D67-821C-48F5D06494F1}"
EndProject
Global
	GlobalSection(SolutionConfigurationPlatforms) = preSolution
		Debug|Any CPU = Debug|Any CPU
		Release|Any CPU = Release|Any CPU
	EndGlobalSection
	GlobalSection(ProjectConfigurationPlatforms) = postSolution
		{8DC07E36-0B48-417C-8FD1-E6F95DEBAC89}.Debug|Any CPU.ActiveCfg = Debug|Any CPU
		{8DC07E36-0B48-417C-8FD1-E6F95DEBAC89}.Debug|Any CPU.Build.0 = Debug|Any CPU
		{8DC07E36-0B48-417C-8FD1-E6F95DEBAC89}.Release|Any CPU.ActiveCfg = Release|Any CPU
		{8DC07E36-0B48-417C-8FD1-E6F95DEBAC89}.Release|Any CPU.Build.0 = Release|Any CPU
		{AF581718-E2A8-4958-B747-D7822B3A988F}.Debug|Any CPU.ActiveCfg = Debug|Any CPU
		{AF581718-E2A8-4958-B747-D7822B3A988F}.Debug|Any CPU.Build.0 = Debug|Any CPU
		{AF581718-E2A8-4958-B747-D7822B3A988F}.Release|Any CPU.ActiveCfg = Release|Any CPU
		{AF581718-E2A8-4958-B747-D7822B3A988F}.Release|Any CPU.Build.0 = Release|Any CPU
		{AC21E594-7DC0-46E3-9A3B-DE6E696C21D2}.Debug|Any CPU.ActiveCfg = Debug|Any CPU
		{AC21E594-7DC0-46E3-9A3B-DE6E696C21D2}.Debug|Any CPU.Build.0 = Debug|Any CPU
		{AC21E594-7DC0-46E3-9A3B-DE6E696C21D2}.Release|Any CPU.ActiveCfg = Release|Any CPU
		{AC21E594-7DC0-46E3-9A3B-DE6E696C21D2}.Release|Any CPU.Build.0 = Release|Any CPU
		{A0A7DF11-4E8C-4FE7-B0DF-A534A6FE6CF1}.Debug|Any CPU.ActiveCfg = Debug|Any CPU
		{A0A7DF11-4E8C-4FE7-B0DF-A534A6FE6CF1}.Debug|Any CPU.Build.0 = Debug|Any CPU
		{A0A7DF11-4E8C-4FE7-B0DF-A534A6FE6CF1}.Release|Any CPU.ActiveCfg = Release|Any CPU
		{A0A7DF11-4E8C-4FE7-B0DF-A534A6FE6CF1}.Release|Any CPU.Build.0 = Release|Any CPU
		{13176BEA-2FFD-4224-82F1-F95C028C5D20}.Debug|Any CPU.ActiveCfg = Debug|Any CPU
		{13176BEA-2FFD-4224-82F1-F95C028C5D20}.Debug|Any CPU.Build.0 = Debug|Any CPU
		{13176BEA-2FFD-4224-82F1-F95C028C5D20}.Release|Any CPU.ActiveCfg = Release|Any CPU
		{13176BEA-2FFD-4224-82F1-F95C028C5D20}.Release|Any CPU.Build.0 = Release|Any CPU
		{EF668445-5068-4F42-B42B-EE2C3D3F179E}.Debug|Any CPU.ActiveCfg = Debug|Any CPU
		{EF668445-5068-4F42-B42B-EE2C3D3F179E}.Debug|Any CPU.Build.0 = Debug|Any CPU
		{EF668445-5068-4F42-B42B-EE2C3D3F179E}.Release|Any CPU.ActiveCfg = Release|Any CPU
		{EF668445-5068-4F42-B42B-EE2C3D3F179E}.Release|Any CPU.Build.0 = Release|Any CPU
		{D7561020-0B0E-49A3-A68B-2097B8679B18}.Debug|Any CPU.ActiveCfg = Debug|Any CPU
		{D7561020-0B0E-49A3-A68B-2097B8679B18}.Debug|Any CPU.Build.0 = Debug|Any CPU
		{D7561020-0B0E-49A3-A68B-2097B8679B18}.Release|Any CPU.ActiveCfg = Release|Any CPU
		{D7561020-0B0E-49A3-A68B-2097B8679B18}.Release|Any CPU.Build.0 = Release|Any CPU
		{3CC29780-5074-4201-8164-02B434E235FD}.Debug|Any CPU.ActiveCfg = Debug|Any CPU
		{3CC29780-5074-4201-8164-02B434E235FD}.Debug|Any CPU.Build.0 = Debug|Any CPU
		{3CC29780-5074-4201-8164-02B434E235FD}.Release|Any CPU.ActiveCfg = Release|Any CPU
		{3CC29780-5074-4201-8164-02B434E235FD}.Release|Any CPU.Build.0 = Release|Any CPU
		{9F6D401F-AE13-4AD4-9481-9D7431723ADA}.Debug|Any CPU.ActiveCfg = Debug|Any CPU
		{9F6D401F-AE13-4AD4-9481-9D7431723ADA}.Debug|Any CPU.Build.0 = Debug|Any CPU
		{9F6D401F-AE13-4AD4-9481-9D7431723ADA}.Release|Any CPU.ActiveCfg = Release|Any CPU
		{9F6D401F-AE13-4AD4-9481-9D7431723ADA}.Release|Any CPU.Build.0 = Release|Any CPU
		{6A5EDC8C-003F-4BF6-893D-09691D614DB0}.Debug|Any CPU.ActiveCfg = Debug|Any CPU
		{6A5EDC8C-003F-4BF6-893D-09691D614DB0}.Debug|Any CPU.Build.0 = Debug|Any CPU
		{6A5EDC8C-003F-4BF6-893D-09691D614DB0}.Release|Any CPU.ActiveCfg = Release|Any CPU
		{6A5EDC8C-003F-4BF6-893D-09691D614DB0}.Release|Any CPU.Build.0 = Release|Any CPU
		{5674AB35-3272-4EDA-8466-BC2228E93666}.Debug|Any CPU.ActiveCfg = Debug|Any CPU
		{5674AB35-3272-4EDA-8466-BC2228E93666}.Debug|Any CPU.Build.0 = Debug|Any CPU
		{5674AB35-3272-4EDA-8466-BC2228E93666}.Release|Any CPU.ActiveCfg = Release|Any CPU
		{5674AB35-3272-4EDA-8466-BC2228E93666}.Release|Any CPU.Build.0 = Release|Any CPU
		{AF752B03-02D7-44AD-AC96-0B754449DDA4}.Debug|Any CPU.ActiveCfg = Debug|Any CPU
		{AF752B03-02D7-44AD-AC96-0B754449DDA4}.Debug|Any CPU.Build.0 = Debug|Any CPU
		{AF752B03-02D7-44AD-AC96-0B754449DDA4}.Release|Any CPU.ActiveCfg = Release|Any CPU
		{AF752B03-02D7-44AD-AC96-0B754449DDA4}.Release|Any CPU.Build.0 = Release|Any CPU
		{ACADEE2E-6258-49FE-8A25-11B9A397380F}.Debug|Any CPU.ActiveCfg = Debug|Any CPU
		{ACADEE2E-6258-49FE-8A25-11B9A397380F}.Debug|Any CPU.Build.0 = Debug|Any CPU
		{ACADEE2E-6258-49FE-8A25-11B9A397380F}.Release|Any CPU.ActiveCfg = Release|Any CPU
		{ACADEE2E-6258-49FE-8A25-11B9A397380F}.Release|Any CPU.Build.0 = Release|Any CPU
		{276C1086-6C4F-4D9C-BACB-A6A73B75C032}.Debug|Any CPU.ActiveCfg = Debug|Any CPU
		{276C1086-6C4F-4D9C-BACB-A6A73B75C032}.Debug|Any CPU.Build.0 = Debug|Any CPU
		{276C1086-6C4F-4D9C-BACB-A6A73B75C032}.Release|Any CPU.ActiveCfg = Release|Any CPU
		{276C1086-6C4F-4D9C-BACB-A6A73B75C032}.Release|Any CPU.Build.0 = Release|Any CPU
		{38439117-3767-4E9E-9B54-284B95EAD3AD}.Debug|Any CPU.ActiveCfg = Debug|Any CPU
		{38439117-3767-4E9E-9B54-284B95EAD3AD}.Debug|Any CPU.Build.0 = Debug|Any CPU
		{38439117-3767-4E9E-9B54-284B95EAD3AD}.Release|Any CPU.ActiveCfg = Release|Any CPU
		{38439117-3767-4E9E-9B54-284B95EAD3AD}.Release|Any CPU.Build.0 = Release|Any CPU
		{D41BC7A9-732C-445D-BD3D-97B81599E25E}.Debug|Any CPU.ActiveCfg = Debug|Any CPU
		{D41BC7A9-732C-445D-BD3D-97B81599E25E}.Debug|Any CPU.Build.0 = Debug|Any CPU
		{D41BC7A9-732C-445D-BD3D-97B81599E25E}.Release|Any CPU.ActiveCfg = Release|Any CPU
		{D41BC7A9-732C-445D-BD3D-97B81599E25E}.Release|Any CPU.Build.0 = Release|Any CPU
		{BC4CDCB2-D767-446B-AA27-31AF085B83D7}.Debug|Any CPU.ActiveCfg = Debug|Any CPU
		{BC4CDCB2-D767-446B-AA27-31AF085B83D7}.Debug|Any CPU.Build.0 = Debug|Any CPU
		{BC4CDCB2-D767-446B-AA27-31AF085B83D7}.Release|Any CPU.ActiveCfg = Release|Any CPU
		{BC4CDCB2-D767-446B-AA27-31AF085B83D7}.Release|Any CPU.Build.0 = Release|Any CPU
		{CFCCC66B-A4E3-4F52-9A1E-6EDF91B5743C}.Debug|Any CPU.ActiveCfg = Debug|Any CPU
		{CFCCC66B-A4E3-4F52-9A1E-6EDF91B5743C}.Debug|Any CPU.Build.0 = Debug|Any CPU
		{CFCCC66B-A4E3-4F52-9A1E-6EDF91B5743C}.Release|Any CPU.ActiveCfg = Release|Any CPU
		{CFCCC66B-A4E3-4F52-9A1E-6EDF91B5743C}.Release|Any CPU.Build.0 = Release|Any CPU
		{64737DB3-9536-4EDC-887B-6830B6454E9C}.Debug|Any CPU.ActiveCfg = Debug|Any CPU
		{64737DB3-9536-4EDC-887B-6830B6454E9C}.Debug|Any CPU.Build.0 = Debug|Any CPU
		{64737DB3-9536-4EDC-887B-6830B6454E9C}.Release|Any CPU.ActiveCfg = Release|Any CPU
		{64737DB3-9536-4EDC-887B-6830B6454E9C}.Release|Any CPU.Build.0 = Release|Any CPU
		{F47E2674-6B38-4248-8A86-D52C6BC3CA8B}.Debug|Any CPU.ActiveCfg = Debug|Any CPU
		{F47E2674-6B38-4248-8A86-D52C6BC3CA8B}.Debug|Any CPU.Build.0 = Debug|Any CPU
		{F47E2674-6B38-4248-8A86-D52C6BC3CA8B}.Release|Any CPU.ActiveCfg = Release|Any CPU
		{F47E2674-6B38-4248-8A86-D52C6BC3CA8B}.Release|Any CPU.Build.0 = Release|Any CPU
		{DC14134C-B92A-4D67-821C-48F5D06494F1}.Debug|Any CPU.ActiveCfg = Debug|Any CPU
		{DC14134C-B92A-4D67-821C-48F5D06494F1}.Debug|Any CPU.Build.0 = Debug|Any CPU
		{DC14134C-B92A-4D67-821C-48F5D06494F1}.Release|Any CPU.ActiveCfg = Release|Any CPU
		{DC14134C-B92A-4D67-821C-48F5D06494F1}.Release|Any CPU.Build.0 = Release|Any CPU
	EndGlobalSection
	GlobalSection(SolutionProperties) = preSolution
		HideSolutionNode = FALSE
	EndGlobalSection
	GlobalSection(NestedProjects) = preSolution
		{8DC07E36-0B48-417C-8FD1-E6F95DEBAC89} = {02EA681E-C7D8-13C7-8484-4AC65E1B71E8}
		{AF581718-E2A8-4958-B747-D7822B3A988F} = {02EA681E-C7D8-13C7-8484-4AC65E1B71E8}
		{AC21E594-7DC0-46E3-9A3B-DE6E696C21D2} = {02EA681E-C7D8-13C7-8484-4AC65E1B71E8}
		{A0A7DF11-4E8C-4FE7-B0DF-A534A6FE6CF1} = {CED2405A-FB7B-4FDD-97E0-E4C4EDD1FEDA}
		{13176BEA-2FFD-4224-82F1-F95C028C5D20} = {CED2405A-FB7B-4FDD-97E0-E4C4EDD1FEDA}
		{EF668445-5068-4F42-B42B-EE2C3D3F179E} = {CED2405A-FB7B-4FDD-97E0-E4C4EDD1FEDA}
		{D7561020-0B0E-49A3-A68B-2097B8679B18} = {DE6C8E08-F10D-419B-A5BE-DAC5B52B0EEE}
		{3CC29780-5074-4201-8164-02B434E235FD} = {DE6C8E08-F10D-419B-A5BE-DAC5B52B0EEE}
		{9F6D401F-AE13-4AD4-9481-9D7431723ADA} = {DE6C8E08-F10D-419B-A5BE-DAC5B52B0EEE}
		{6A5EDC8C-003F-4BF6-893D-09691D614DB0} = {30BEBD78-8076-4810-9AF8-DEC143636889}
		{5674AB35-3272-4EDA-8466-BC2228E93666} = {30BEBD78-8076-4810-9AF8-DEC143636889}
		{AF752B03-02D7-44AD-AC96-0B754449DDA4} = {30BEBD78-8076-4810-9AF8-DEC143636889}
		{ACADEE2E-6258-49FE-8A25-11B9A397380F} = {5EE11F0A-52C1-4329-BBB7-3668632A922D}
		{276C1086-6C4F-4D9C-BACB-A6A73B75C032} = {5EE11F0A-52C1-4329-BBB7-3668632A922D}
		{38439117-3767-4E9E-9B54-284B95EAD3AD} = {5EE11F0A-52C1-4329-BBB7-3668632A922D}
		{D41BC7A9-732C-445D-BD3D-97B81599E25E} = {AF4DFFD7-769B-42C8-8FDD-87030AF82BD4}
		{BC4CDCB2-D767-446B-AA27-31AF085B83D7} = {AF4DFFD7-769B-42C8-8FDD-87030AF82BD4}
		{CFCCC66B-A4E3-4F52-9A1E-6EDF91B5743C} = {AF4DFFD7-769B-42C8-8FDD-87030AF82BD4}
		{64737DB3-9536-4EDC-887B-6830B6454E9C} = {88294E82-C195-4E4F-B7AE-3361D51AC347}
		{F47E2674-6B38-4248-8A86-D52C6BC3CA8B} = {88294E82-C195-4E4F-B7AE-3361D51AC347}
		{DC14134C-B92A-4D67-821C-48F5D06494F1} = {88294E82-C195-4E4F-B7AE-3361D51AC347}
	EndGlobalSection
	GlobalSection(ExtensibilityGlobals) = postSolution
		SolutionGuid = {C6A52094-E1F6-4D0A-983E-23AD1C8A15DE}
	EndGlobalSection
EndGlobal
