
Microsoft Visual Studio Solution File, Format Version 12.00
# Visual Studio Version 17
VisualStudioVersion = 17.14.36623.8 d17.14
MinimumVisualStudioVersion = 10.0.40219.1
Project("{2150E333-8FDC-42A3-9474-1A3956D46DE8}") = "Task0", "Task0", "{02EA681E-C7D8-13C7-8484-4AC65E1B71E8}"
EndProject
Project("{FAE04EC0-301F-11D3-BF4B-00C04F79EFBC}") = "Tyuiu.Programmiste.Sprint2.Task0.V15.Test", "Tyuiu.Programmiste.Sprint2.Task0.V15.Test\Tyuiu.Programmiste.Sprint2.Task0.V15.Test.csproj", "{8DC07E36-0B48-417C-8FD1-E6F95DEBAC89}"
EndProject
Project("{FAE04EC0-301F-11D3-BF4B-00C04F79EFBC}") = "Tyuiu.Programmiste.Sprint2.Task0.V15.Lib", "Tyuiu.Programmiste.Sprint2.Task0.V15.Lib\Tyuiu.Programmiste.Sprint2.Task0.V15.Lib.csproj", "{AF581718-E2A8-4958-B747-D7822B3A988F}"
EndProject
Project("{FAE04EC0-301F-11D3-BF4B-00C04F79EFBC}") = "Tyuiu.Programmiste.Sprint2.Task0.V15", "Tyuiu.Programmiste.Sprint2.Task0.V15\Tyuiu.Programmiste.Sprint2.Task0.V15.csproj", "{AC21E594-7DC0-46E3-9A3B-DE6E696C21D2}"
EndProject
Project("{2150E333-8FDC-42A3-9474-1A3956D46DE8}") = "Task1", "Task1", "{CED2405A-FB7B-4FDD-97E0-E4C4EDD1FEDA}"
EndProject
Project("{FAE04EC0-301F-11D3-BF4B-00C04F79EFBC}") = "Tyuiu.Programmiste.Sprint2.Task1.V10", "Tyuiu.Programmiste.Sprint2.Task1.V10\Tyuiu.Programmiste.Sprint2.Task1.V10.csproj", "{A0A7DF11-4E8C-4FE7-B0DF-A534A6FE6CF1}"
EndProject
Project("{FAE04EC0-301F-11D3-BF4B-00C04F79EFBC}") = "Tyuiu.Programmiste.Sprint2.Task1.V10.Lib", "Tyuiu.Programmiste.Sprint2.Task1.V10.Lib\Tyuiu.Programmiste.Sprint2.Task1.V10.Lib.csproj", "{13176BEA-2FFD-4224-82F1-F95C028C5D20}"
EndProject
Project("{FAE04EC0-301F-11D3-BF4B-00C04F79EFBC}") = "Tyuiu.Programmiste.Sprint2.Task1.V10.Test", "Tyuiu.Programmiste.Sprint2.Task1.V10.Test\Tyuiu.Programmiste.Sprint2.Task1.V10.Test.csproj", "{EF668445-5068-4F42-B42B-EE2C3D3F179E}"
EndProject
Global
	GlobalSection(SolutionConfigurationPlatforms) = preSolution
		Debug|Any CPU = Debug|Any CPU
		Release|Any CPU = Release|Any CPU
	EndGlobalSection
	GlobalSection(ProjectConfigurationPlatforms) = postSolution
		{8DC07E36-0B48-417C-8FD1-E6F95DEBAC89}.Debug|Any CPU.ActiveCfg = Debug|Any CPU
		{8DC07E36-0B48-417C-8FD1-E6F95DEBAC89}.Debug|Any CPU.Build.0 = Debug|Any CPU
		{8DC07E36-0B48-417C-8FD1-E6F95DEBAC89}.Release|Any CPU.ActiveCfg = Release|Any CPU
		{8DC07E36-0B48-417C-8FD1-E6F95DEBAC89}.Release|Any CPU.Build.0 = Release|Any CPU
		{AF581718-E2A8-4958-B747-D7822B3A988F}.Debug|Any CPU.ActiveCfg = Debug|Any CPU
		{AF581718-E2A8-4958-B747-D7822B3A988F}.Debug|Any CPU.Build.0 = Debug|Any CPU
		{AF581718-E2A8-4958-B747-D7822B3A988F}.Release|Any CPU.ActiveCfg = Release|Any CPU
		{AF581718-E2A8-4958-B747-D7822B3A988F}.Release|Any CPU.Build.0 = Release|Any CPU
		{AC21E594-7DC0-46E3-9A3B-DE6E696C21D2}.Debug|Any CPU.ActiveCfg = Debug|Any CPU
		{AC21E594-7DC0-46E3-9A3B-DE6E696C21D2}.Debug|Any CPU.Build.0 = Debug|Any CPU
		{AC21E594-7DC0-46E3-9A3B-DE6E696C21D2}.Release|Any CPU.ActiveCfg = Release|Any CPU
		{AC21E594-7DC0-46E3-9A3B-DE6E696C21D2}.Release|Any CPU.Build.0 = Release|Any CPU
		{A0A7DF11-4E8C-4FE7-B0DF-A534A6FE6CF1}.Debug|Any CPU.ActiveCfg = Debug|Any CPU
		{A0A7DF11-4E8C-4FE7-B0DF-A534A6FE6CF1}.Debug|Any CPU.Build.0 = Debug|Any CPU
		{A0A7DF11-4E8C-4FE7-B0DF-A534A6FE6CF1}.Release|Any CPU.ActiveCfg = Release|Any CPU
		{A0A7DF11-4E8C-4FE7-B0DF-A534A6FE6CF1}.Release|Any CPU.Build.0 = Release|Any CPU
		{13176BEA-2FFD-4224-82F1-F95C028C5D20}.Debug|Any CPU.ActiveCfg = Debug|Any CPU
		{13176BEA-2FFD-4224-82F1-F95C028C5D20}.Debug|Any CPU.Build.0 = Debug|Any CPU
		{13176BEA-2FFD-4224-82F1-F95C028C5D20}.Release|Any CPU.ActiveCfg = Release|Any CPU
		{13176BEA-2FFD-4224-82F1-F95C028C5D20}.Release|Any CPU.Build.0 = Release|Any CPU
		{EF668445-5068-4F42-B42B-EE2C3D3F179E}.Debug|Any CPU.ActiveCfg = Debug|Any CPU
		{EF668445-5068-4F42-B42B-EE2C3D3F179E}.Debug|Any CPU.Build.0 = Debug|Any CPU
		{EF668445-5068-4F42-B42B-EE2C3D3F179E}.Release|Any CPU.ActiveCfg = Release|Any CPU
		{EF668445-5068-4F42-B42B-EE2C3D3F179E}.Release|Any CPU.Build.0 = Release|Any CPU
	EndGlobalSection
	GlobalSection(SolutionProperties) = preSolution
		HideSolutionNode = FALSE
	EndGlobalSection
	GlobalSection(NestedProjects) = preSolution
		{8DC07E36-0B48-417C-8FD1-E6F95DEBAC89} = {02EA681E-C7D8-13C7-8484-4AC65E1B71E8}
		{AF581718-E2A8-4958-B747-D7822B3A988F} = {02EA681E-C7D8-13C7-8484-4AC65E1B71E8}
		{AC21E594-7DC0-46E3-9A3B-DE6E696C21D2} = {02EA681E-C7D8-13C7-8484-4AC65E1B71E8}
		{A0A7DF11-4E8C-4FE7-B0DF-A534A6FE6CF1} = {CED2405A-FB7B-4FDD-97E0-E4C4EDD1FEDA}
		{13176BEA-2FFD-4224-82F1-F95C028C5D20} = {CED2405A-FB7B-4FDD-97E0-E4C4EDD1FEDA}
		{EF668445-5068-4F42-B42B-EE2C3D3F179E} = {CED2405A-FB7B-4FDD-97E0-E4C4EDD1FEDA}
	EndGlobalSection
	GlobalSection(ExtensibilityGlobals) = postSolution
		SolutionGuid = {C6A52094-E1F6-4D0A-983E-23AD1C8A15DE}
	EndGlobalSection
EndGlobal
